
Microsoft Visual Studio Solution File, Format Version 12.00
# Visual Studio 15
Project("{FAE04EC0-301F-11D3-BF4B-00C04F79EFBC}") = "SquigglyBuyBot", "SquigglyBuyBot\SquigglyBuyBot.csproj", "{956D355F-358D-4F84-A1D3-37EE7E143F05}"
EndProject
Global
	GlobalSection(SolutionConfigurationPlatforms) = preSolution
		Debug|Any CPU = Debug|Any CPU
		Release|Any CPU = Release|Any CPU
	EndGlobalSection
	GlobalSection(ProjectConfigurationPlatforms) = postSolution
		{956D355F-358D-4F84-A1D3-37EE7E143F05}.Debug|Any CPU.ActiveCfg = Debug|Any CPU
		{956D355F-358D-4F84-A1D3-37EE7E143F05}.Debug|Any CPU.Build.0 = Debug|Any CPU
		{956D355F-358D-4F84-A1D3-37EE7E143F05}.Release|Any CPU.ActiveCfg = Release|Any CPU
		{956D355F-358D-4F84-A1D3-37EE7E143F05}.Release|Any CPU.Build.0 = Release|Any CPU
	EndGlobalSection
EndGlobal
